
Microsoft Visual Studio Solution File, Format Version 12.00
# Visual Studio 14
VisualStudioVersion = 14.0.23107.0
MinimumVisualStudioVersion = 10.0.40219.1
Project("{2150E333-8FDC-42A3-9474-1A3956D46DE8}") = "Module", "Module", "{3F7C2CC6-3403-475B-BD18-E5C8D160BB46}"
EndProject
Project("{FAE04EC0-301F-11D3-BF4B-00C04F79EFBC}") = "Location", "Module\Location\Location.csproj", "{0569BE38-B68E-4C67-B4DB-7D43C163D2AB}"
EndProject
Project("{2150E333-8FDC-42A3-9474-1A3956D46DE8}") = "Test", "Test", "{6B126FDF-6B11-4B94-925F-6973F63359B3}"
EndProject
Project("{FAE04EC0-301F-11D3-BF4B-00C04F79EFBC}") = "LocationTests", "Test\LocationTests\LocationTests.csproj", "{DB278F7D-2E2B-4FCC-8054-A9F8FC6E5926}"
EndProject
Project("{2150E333-8FDC-42A3-9474-1A3956D46DE8}") = "Web", "Web", "{0431BB9B-47F2-4FE1-BAE8-D4F0F94AEC64}"
EndProject
Project("{FAE04EC0-301F-11D3-BF4B-00C04F79EFBC}") = "WeatherInfo.Web", "Web\WeatherInfo.Web\WeatherInfo.Web.csproj", "{F62508E1-50C4-437D-9D35-1911E2CDF07E}"
EndProject
Project("{FAE04EC0-301F-11D3-BF4B-00C04F79EFBC}") = "WeatherInfo.Application", "Web\WeatherInfo.Application\WeatherInfo.Application.csproj", "{9C08E34B-2EC8-4AB4-AE2F-766697E8BAF0}"
EndProject
Global
	GlobalSection(SolutionConfigurationPlatforms) = preSolution
		Debug|Any CPU = Debug|Any CPU
		Release|Any CPU = Release|Any CPU
	EndGlobalSection
	GlobalSection(ProjectConfigurationPlatforms) = postSolution
		{0569BE38-B68E-4C67-B4DB-7D43C163D2AB}.Debug|Any CPU.ActiveCfg = Debug|Any CPU
		{0569BE38-B68E-4C67-B4DB-7D43C163D2AB}.Debug|Any CPU.Build.0 = Debug|Any CPU
		{0569BE38-B68E-4C67-B4DB-7D43C163D2AB}.Release|Any CPU.ActiveCfg = Release|Any CPU
		{0569BE38-B68E-4C67-B4DB-7D43C163D2AB}.Release|Any CPU.Build.0 = Release|Any CPU
		{DB278F7D-2E2B-4FCC-8054-A9F8FC6E5926}.Debug|Any CPU.ActiveCfg = Debug|Any CPU
		{DB278F7D-2E2B-4FCC-8054-A9F8FC6E5926}.Debug|Any CPU.Build.0 = Debug|Any CPU
		{DB278F7D-2E2B-4FCC-8054-A9F8FC6E5926}.Release|Any CPU.ActiveCfg = Release|Any CPU
		{DB278F7D-2E2B-4FCC-8054-A9F8FC6E5926}.Release|Any CPU.Build.0 = Release|Any CPU
		{F62508E1-50C4-437D-9D35-1911E2CDF07E}.Debug|Any CPU.ActiveCfg = Debug|Any CPU
		{F62508E1-50C4-437D-9D35-1911E2CDF07E}.Debug|Any CPU.Build.0 = Debug|Any CPU
		{F62508E1-50C4-437D-9D35-1911E2CDF07E}.Release|Any CPU.ActiveCfg = Release|Any CPU
		{F62508E1-50C4-437D-9D35-1911E2CDF07E}.Release|Any CPU.Build.0 = Release|Any CPU
		{9C08E34B-2EC8-4AB4-AE2F-766697E8BAF0}.Debug|Any CPU.ActiveCfg = Debug|Any CPU
		{9C08E34B-2EC8-4AB4-AE2F-766697E8BAF0}.Debug|Any CPU.Build.0 = Debug|Any CPU
		{9C08E34B-2EC8-4AB4-AE2F-766697E8BAF0}.Release|Any CPU.ActiveCfg = Release|Any CPU
		{9C08E34B-2EC8-4AB4-AE2F-766697E8BAF0}.Release|Any CPU.Build.0 = Release|Any CPU
	EndGlobalSection
	GlobalSection(SolutionProperties) = preSolution
		HideSolutionNode = FALSE
	EndGlobalSection
	GlobalSection(NestedProjects) = preSolution
		{0569BE38-B68E-4C67-B4DB-7D43C163D2AB} = {3F7C2CC6-3403-475B-BD18-E5C8D160BB46}
		{DB278F7D-2E2B-4FCC-8054-A9F8FC6E5926} = {6B126FDF-6B11-4B94-925F-6973F63359B3}
		{F62508E1-50C4-437D-9D35-1911E2CDF07E} = {0431BB9B-47F2-4FE1-BAE8-D4F0F94AEC64}
		{9C08E34B-2EC8-4AB4-AE2F-766697E8BAF0} = {0431BB9B-47F2-4FE1-BAE8-D4F0F94AEC64}
	EndGlobalSection
EndGlobal
